{
    "name": "myclient",
    "lockfileVersion": 2,
    "requires": true,
    "packages": {
        "": {
            "name": "myclient",
            "dependencies": {
                "hotpocket-js-client": "0.5.3",
                "prompt": "^1.3.0",
                "prompt-sync": "^4.2.0"
            }
        },
        "node_modules/@colors/colors": {
            "version": "1.5.0",
            "resolved": "https://registry.npmjs.org/@colors/colors/-/colors-1.5.0.tgz",
            "integrity": "sha512-ooWCrlZP11i8GImSjTHYHLkvFDP48nS4+204nGb1RiX/WXYHmJA2III9/e2DWVabCESdW7hBAEzHRqUn9OUVvQ==",
            "engines": {
                "node": ">=0.1.90"
            }
        },
        "node_modules/ansi-regex": {
            "version": "4.1.1",
            "resolved": "https://registry.npmjs.org/ansi-regex/-/ansi-regex-4.1.1.tgz",
            "integrity": "sha512-ILlv4k/3f6vfQ4OoP2AGvirOktlQ98ZEL1k9FaQjxa3L1abBgbuTDAdPOpvbGncC0BTVQrl+OM8xZGK6tWXt7g==",
            "engines": {
                "node": ">=6"
            }
        },
        "node_modules/async": {
            "version": "3.2.3",
            "resolved": "https://registry.npmjs.org/async/-/async-3.2.3.tgz",
            "integrity": "sha512-spZRyzKL5l5BZQrr/6m/SqFdBN0q3OCI0f9rjfBzCMBIP4p75P620rR3gTmaksNOhmzgdxcaxdNfMy6anrbM0g=="
        },
        "node_modules/base64-js": {
            "version": "1.5.1",
            "resolved": "https://registry.npmjs.org/base64-js/-/base64-js-1.5.1.tgz",
            "integrity": "sha512-AKpaYlHn8t4SVbOHCy+b5+KKgvR4vrsD8vbvrbiQJps7fKDTkjkDry6ji0rUJjC0kzbNePLwzxq8iypo41qeWA==",
            "funding": [
                {
                    "type": "github",
                    "url": "https://github.com/sponsors/feross"
                },
                {
                    "type": "patreon",
                    "url": "https://www.patreon.com/feross"
                },
                {
                    "type": "consulting",
                    "url": "https://feross.org/support"
                }
            ]
        },
        "node_modules/blake3": {
            "version": "2.1.4",
            "resolved": "https://registry.npmjs.org/blake3/-/blake3-2.1.4.tgz",
            "integrity": "sha512-70hmx0lPd6zmtNwxPT4/1P0pqaEUlTJ0noUBvCXPLfMpN0o8PPaK3q7ZlpRIyhrqcXxeMAJSowNm/L9oi/x1XA==",
            "hasInstallScript": true
        },
        "node_modules/bson": {
            "version": "4.5.3",
            "resolved": "https://registry.npmjs.org/bson/-/bson-4.5.3.tgz",
            "integrity": "sha512-qVX7LX79Mtj7B3NPLzCfBiCP6RAsjiV8N63DjlaVVpZW+PFoDTxQ4SeDbSpcqgE6mXksM5CAwZnXxxxn/XwC0g==",
            "dependencies": {
                "buffer": "^5.6.0"
            },
            "engines": {
                "node": ">=6.9.0"
            }
        },
        "node_modules/buffer": {
            "version": "5.7.1",
            "resolved": "https://registry.npmjs.org/buffer/-/buffer-5.7.1.tgz",
            "integrity": "sha512-EHcyIPBQ4BSGlvjB16k5KgAJ27CIsHY/2JBmCRReo48y9rQ3MaUzWX3KVlBa4U7MyX02HdVj0K7C3WaB3ju7FQ==",
            "funding": [
                {
                    "type": "github",
                    "url": "https://github.com/sponsors/feross"
                },
                {
                    "type": "patreon",
                    "url": "https://www.patreon.com/feross"
                },
                {
                    "type": "consulting",
                    "url": "https://feross.org/support"
                }
            ],
            "dependencies": {
                "base64-js": "^1.3.1",
                "ieee754": "^1.1.13"
            }
        },
        "node_modules/colors": {
            "version": "1.0.3",
            "resolved": "https://registry.npmjs.org/colors/-/colors-1.0.3.tgz",
            "integrity": "sha512-pFGrxThWcWQ2MsAz6RtgeWe4NK2kUE1WfsrvvlctdII745EW9I0yflqhe7++M5LEc7bV2c/9/5zc8sFcpL0Drw==",
            "engines": {
                "node": ">=0.1.90"
            }
        },
        "node_modules/cycle": {
            "version": "1.0.3",
            "resolved": "https://registry.npmjs.org/cycle/-/cycle-1.0.3.tgz",
            "integrity": "sha512-TVF6svNzeQCOpjCqsy0/CSy8VgObG3wXusJ73xW2GbG5rGx7lC8zxDSURicsXI2UsGdi2L0QNRCi745/wUDvsA==",
            "engines": {
                "node": ">=0.4.0"
            }
        },
        "node_modules/eyes": {
            "version": "0.1.8",
            "resolved": "https://registry.npmjs.org/eyes/-/eyes-0.1.8.tgz",
            "integrity": "sha512-GipyPsXO1anza0AOZdy69Im7hGFCNB7Y/NGjDlZGJ3GJJLtwNSb2vrzYrTYJRrRloVx7pl+bhUaTB8yiccPvFQ==",
            "engines": {
                "node": "> 0.1.90"
            }
        },
        "node_modules/hotpocket-js-client": {
            "version": "0.5.3",
            "resolved": "https://registry.npmjs.org/hotpocket-js-client/-/hotpocket-js-client-0.5.3.tgz",
            "integrity": "sha512-q+qglTOTtI8t8BRqeKnb2cFyaGsb0RrTx4tQnF9HPYZYsNYkQfQcBpt+p8QzhEP2UqIbIlx8nz7HQ+CsdYr1xw==",
            "dependencies": {
                "blake3": "2.1.4",
                "bson": "4.5.3",
                "libsodium-wrappers": "0.7.9",
                "ws": "8.2.3"
            }
        },
        "node_modules/ieee754": {
            "version": "1.2.1",
            "resolved": "https://registry.npmjs.org/ieee754/-/ieee754-1.2.1.tgz",
            "integrity": "sha512-dcyqhDvX1C46lXZcVqCpK+FtMRQVdIMN6/Df5js2zouUsqG7I6sFxitIC+7KYK29KdXOLHdu9zL4sFnoVQnqaA==",
            "funding": [
                {
                    "type": "github",
                    "url": "https://github.com/sponsors/feross"
                },
                {
                    "type": "patreon",
                    "url": "https://www.patreon.com/feross"
                },
                {
                    "type": "consulting",
                    "url": "https://feross.org/support"
                }
            ]
        },
        "node_modules/isstream": {
            "version": "0.1.2",
            "resolved": "https://registry.npmjs.org/isstream/-/isstream-0.1.2.tgz",
            "integrity": "sha512-Yljz7ffyPbrLpLngrMtZ7NduUgVvi6wG9RJ9IUcyCd59YQ911PBJphODUcbOVbqYfxe1wuYf/LJ8PauMRwsM/g=="
        },
        "node_modules/libsodium": {
            "version": "0.7.11",
            "resolved": "https://registry.npmjs.org/libsodium/-/libsodium-0.7.11.tgz",
            "integrity": "sha512-WPfJ7sS53I2s4iM58QxY3Inb83/6mjlYgcmZs7DJsvDlnmVUwNinBCi5vBT43P6bHRy01O4zsMU2CoVR6xJ40A=="
        },
        "node_modules/libsodium-wrappers": {
            "version": "0.7.9",
            "resolved": "https://registry.npmjs.org/libsodium-wrappers/-/libsodium-wrappers-0.7.9.tgz",
            "integrity": "sha512-9HaAeBGk1nKTRFRHkt7nzxqCvnkWTjn1pdjKgcUnZxj0FyOP4CnhgFhMdrFfgNsukijBGyBLpP2m2uKT1vuWhQ==",
            "dependencies": {
                "libsodium": "^0.7.0"
            }
        },
        "node_modules/lodash": {
            "version": "4.17.21",
            "resolved": "https://registry.npmjs.org/lodash/-/lodash-4.17.21.tgz",
            "integrity": "sha512-v2kDEe57lecTulaDIuNTPy3Ry4gLGJ6Z1O3vE1krgXZNrsQ+LFTGHVxVjcXPs17LhbZVGedAJv8XZ1tvj5FvSg=="
        },
        "node_modules/mute-stream": {
            "version": "0.0.8",
            "resolved": "https://registry.npmjs.org/mute-stream/-/mute-stream-0.0.8.tgz",
            "integrity": "sha512-nnbWWOkoWyUsTjKrhgD0dcz22mdkSnpYqbEjIm2nhwhuxlSkpywJmBo8h0ZqJdkp73mb90SssHkN4rsRaBAfAA=="
        },
        "node_modules/prompt": {
            "version": "1.3.0",
            "resolved": "https://registry.npmjs.org/prompt/-/prompt-1.3.0.tgz",
            "integrity": "sha512-ZkaRWtaLBZl7KKAKndKYUL8WqNT+cQHKRZnT4RYYms48jQkFw3rrBL+/N5K/KtdEveHkxs982MX2BkDKub2ZMg==",
            "dependencies": {
                "@colors/colors": "1.5.0",
                "async": "3.2.3",
                "read": "1.0.x",
                "revalidator": "0.1.x",
                "winston": "2.x"
            },
            "engines": {
                "node": ">= 6.0.0"
            }
        },
        "node_modules/prompt-sync": {
            "version": "4.2.0",
            "resolved": "https://registry.npmjs.org/prompt-sync/-/prompt-sync-4.2.0.tgz",
            "integrity": "sha512-BuEzzc5zptP5LsgV5MZETjDaKSWfchl5U9Luiu8SKp7iZWD5tZalOxvNcZRwv+d2phNFr8xlbxmFNcRKfJOzJw==",
            "dependencies": {
                "strip-ansi": "^5.0.0"
            }
        },
        "node_modules/read": {
            "version": "1.0.7",
            "resolved": "https://registry.npmjs.org/read/-/read-1.0.7.tgz",
            "integrity": "sha512-rSOKNYUmaxy0om1BNjMN4ezNT6VKK+2xF4GBhc81mkH7L60i6dp8qPYrkndNLT3QPphoII3maL9PVC9XmhHwVQ==",
            "dependencies": {
                "mute-stream": "~0.0.4"
            },
            "engines": {
                "node": ">=0.8"
            }
        },
        "node_modules/revalidator": {
            "version": "0.1.8",
            "resolved": "https://registry.npmjs.org/revalidator/-/revalidator-0.1.8.tgz",
            "integrity": "sha512-xcBILK2pA9oh4SiinPEZfhP8HfrB/ha+a2fTMyl7Om2WjlDVrOQy99N2MXXlUHqGJz4qEu2duXxHJjDWuK/0xg==",
            "engines": {
                "node": ">= 0.4.0"
            }
        },
        "node_modules/stack-trace": {
            "version": "0.0.10",
            "resolved": "https://registry.npmjs.org/stack-trace/-/stack-trace-0.0.10.tgz",
            "integrity": "sha512-KGzahc7puUKkzyMt+IqAep+TVNbKP+k2Lmwhub39m1AsTSkaDutx56aDCo+HLDzf/D26BIHTJWNiTG1KAJiQCg==",
            "engines": {
                "node": "*"
            }
        },
        "node_modules/strip-ansi": {
            "version": "5.2.0",
            "resolved": "https://registry.npmjs.org/strip-ansi/-/strip-ansi-5.2.0.tgz",
            "integrity": "sha512-DuRs1gKbBqsMKIZlrffwlug8MHkcnpjs5VPmL1PAh+mA30U0DTotfDZ0d2UUsXpPmPmMMJ6W773MaA3J+lbiWA==",
            "dependencies": {
                "ansi-regex": "^4.1.0"
            },
            "engines": {
                "node": ">=6"
            }
        },
        "node_modules/winston": {
            "version": "2.4.7",
            "resolved": "https://registry.npmjs.org/winston/-/winston-2.4.7.tgz",
            "integrity": "sha512-vLB4BqzCKDnnZH9PHGoS2ycawueX4HLqENXQitvFHczhgW2vFpSOn31LZtVr1KU8YTw7DS4tM+cqyovxo8taVg==",
            "dependencies": {
                "async": "^2.6.4",
                "colors": "1.0.x",
                "cycle": "1.0.x",
                "eyes": "0.1.x",
                "isstream": "0.1.x",
                "stack-trace": "0.0.x"
            },
            "engines": {
                "node": ">= 0.10.0"
            }
        },
        "node_modules/winston/node_modules/async": {
            "version": "2.6.4",
            "resolved": "https://registry.npmjs.org/async/-/async-2.6.4.tgz",
            "integrity": "sha512-mzo5dfJYwAn29PeiJ0zvwTo04zj8HDJj0Mn8TD7sno7q12prdbnasKJHhkm2c1LgrhlJ0teaea8860oxi51mGA==",
            "dependencies": {
                "lodash": "^4.17.14"
            }
        },
        "node_modules/ws": {
            "version": "8.2.3",
            "resolved": "https://registry.npmjs.org/ws/-/ws-8.2.3.tgz",
            "integrity": "sha512-wBuoj1BDpC6ZQ1B7DWQBYVLphPWkm8i9Y0/3YdHjHKHiohOJ1ws+3OccDWtH+PoC9DZD5WOTrJvNbWvjS6JWaA==",
            "engines": {
                "node": ">=10.0.0"
            },
            "peerDependencies": {
                "bufferutil": "^4.0.1",
                "utf-8-validate": "^5.0.2"
            },
            "peerDependenciesMeta": {
                "bufferutil": {
                    "optional": true
                },
                "utf-8-validate": {
                    "optional": true
                }
            }
        }
    },
    "dependencies": {
        "@colors/colors": {
            "version": "1.5.0",
            "resolved": "https://registry.npmjs.org/@colors/colors/-/colors-1.5.0.tgz",
            "integrity": "sha512-ooWCrlZP11i8GImSjTHYHLkvFDP48nS4+204nGb1RiX/WXYHmJA2III9/e2DWVabCESdW7hBAEzHRqUn9OUVvQ=="
        },
        "ansi-regex": {
            "version": "4.1.1",
            "resolved": "https://registry.npmjs.org/ansi-regex/-/ansi-regex-4.1.1.tgz",
            "integrity": "sha512-ILlv4k/3f6vfQ4OoP2AGvirOktlQ98ZEL1k9FaQjxa3L1abBgbuTDAdPOpvbGncC0BTVQrl+OM8xZGK6tWXt7g=="
        },
        "async": {
            "version": "3.2.3",
            "resolved": "https://registry.npmjs.org/async/-/async-3.2.3.tgz",
            "integrity": "sha512-spZRyzKL5l5BZQrr/6m/SqFdBN0q3OCI0f9rjfBzCMBIP4p75P620rR3gTmaksNOhmzgdxcaxdNfMy6anrbM0g=="
        },
        "base64-js": {
            "version": "1.5.1",
            "resolved": "https://registry.npmjs.org/base64-js/-/base64-js-1.5.1.tgz",
            "integrity": "sha512-AKpaYlHn8t4SVbOHCy+b5+KKgvR4vrsD8vbvrbiQJps7fKDTkjkDry6ji0rUJjC0kzbNePLwzxq8iypo41qeWA=="
        },
        "blake3": {
            "version": "2.1.4",
            "resolved": "https://registry.npmjs.org/blake3/-/blake3-2.1.4.tgz",
            "integrity": "sha512-70hmx0lPd6zmtNwxPT4/1P0pqaEUlTJ0noUBvCXPLfMpN0o8PPaK3q7ZlpRIyhrqcXxeMAJSowNm/L9oi/x1XA=="
        },
        "bson": {
            "version": "4.5.3",
            "resolved": "https://registry.npmjs.org/bson/-/bson-4.5.3.tgz",
            "integrity": "sha512-qVX7LX79Mtj7B3NPLzCfBiCP6RAsjiV8N63DjlaVVpZW+PFoDTxQ4SeDbSpcqgE6mXksM5CAwZnXxxxn/XwC0g==",
            "requires": {
                "buffer": "^5.6.0"
            }
        },
        "buffer": {
            "version": "5.7.1",
            "resolved": "https://registry.npmjs.org/buffer/-/buffer-5.7.1.tgz",
            "integrity": "sha512-EHcyIPBQ4BSGlvjB16k5KgAJ27CIsHY/2JBmCRReo48y9rQ3MaUzWX3KVlBa4U7MyX02HdVj0K7C3WaB3ju7FQ==",
            "requires": {
                "base64-js": "^1.3.1",
                "ieee754": "^1.1.13"
            }
        },
        "colors": {
            "version": "1.0.3",
            "resolved": "https://registry.npmjs.org/colors/-/colors-1.0.3.tgz",
            "integrity": "sha512-pFGrxThWcWQ2MsAz6RtgeWe4NK2kUE1WfsrvvlctdII745EW9I0yflqhe7++M5LEc7bV2c/9/5zc8sFcpL0Drw=="
        },
        "cycle": {
            "version": "1.0.3",
            "resolved": "https://registry.npmjs.org/cycle/-/cycle-1.0.3.tgz",
            "integrity": "sha512-TVF6svNzeQCOpjCqsy0/CSy8VgObG3wXusJ73xW2GbG5rGx7lC8zxDSURicsXI2UsGdi2L0QNRCi745/wUDvsA=="
        },
        "eyes": {
            "version": "0.1.8",
            "resolved": "https://registry.npmjs.org/eyes/-/eyes-0.1.8.tgz",
            "integrity": "sha512-GipyPsXO1anza0AOZdy69Im7hGFCNB7Y/NGjDlZGJ3GJJLtwNSb2vrzYrTYJRrRloVx7pl+bhUaTB8yiccPvFQ=="
        },
        "hotpocket-js-client": {
            "version": "0.5.3",
            "resolved": "https://registry.npmjs.org/hotpocket-js-client/-/hotpocket-js-client-0.5.3.tgz",
            "integrity": "sha512-q+qglTOTtI8t8BRqeKnb2cFyaGsb0RrTx4tQnF9HPYZYsNYkQfQcBpt+p8QzhEP2UqIbIlx8nz7HQ+CsdYr1xw==",
            "requires": {
                "blake3": "2.1.4",
                "bson": "4.5.3",
                "libsodium-wrappers": "0.7.9",
                "ws": "8.2.3"
            }
        },
        "ieee754": {
            "version": "1.2.1",
            "resolved": "https://registry.npmjs.org/ieee754/-/ieee754-1.2.1.tgz",
            "integrity": "sha512-dcyqhDvX1C46lXZcVqCpK+FtMRQVdIMN6/Df5js2zouUsqG7I6sFxitIC+7KYK29KdXOLHdu9zL4sFnoVQnqaA=="
        },
        "isstream": {
            "version": "0.1.2",
            "resolved": "https://registry.npmjs.org/isstream/-/isstream-0.1.2.tgz",
            "integrity": "sha512-Yljz7ffyPbrLpLngrMtZ7NduUgVvi6wG9RJ9IUcyCd59YQ911PBJphODUcbOVbqYfxe1wuYf/LJ8PauMRwsM/g=="
        },
        "libsodium": {
            "version": "0.7.11",
            "resolved": "https://registry.npmjs.org/libsodium/-/libsodium-0.7.11.tgz",
            "integrity": "sha512-WPfJ7sS53I2s4iM58QxY3Inb83/6mjlYgcmZs7DJsvDlnmVUwNinBCi5vBT43P6bHRy01O4zsMU2CoVR6xJ40A=="
        },
        "libsodium-wrappers": {
            "version": "0.7.9",
            "resolved": "https://registry.npmjs.org/libsodium-wrappers/-/libsodium-wrappers-0.7.9.tgz",
            "integrity": "sha512-9HaAeBGk1nKTRFRHkt7nzxqCvnkWTjn1pdjKgcUnZxj0FyOP4CnhgFhMdrFfgNsukijBGyBLpP2m2uKT1vuWhQ==",
            "requires": {
                "libsodium": "^0.7.0"
            }
        },
        "lodash": {
            "version": "4.17.21",
            "resolved": "https://registry.npmjs.org/lodash/-/lodash-4.17.21.tgz",
            "integrity": "sha512-v2kDEe57lecTulaDIuNTPy3Ry4gLGJ6Z1O3vE1krgXZNrsQ+LFTGHVxVjcXPs17LhbZVGedAJv8XZ1tvj5FvSg=="
        },
        "mute-stream": {
            "version": "0.0.8",
            "resolved": "https://registry.npmjs.org/mute-stream/-/mute-stream-0.0.8.tgz",
            "integrity": "sha512-nnbWWOkoWyUsTjKrhgD0dcz22mdkSnpYqbEjIm2nhwhuxlSkpywJmBo8h0ZqJdkp73mb90SssHkN4rsRaBAfAA=="
        },
        "prompt": {
            "version": "1.3.0",
            "resolved": "https://registry.npmjs.org/prompt/-/prompt-1.3.0.tgz",
            "integrity": "sha512-ZkaRWtaLBZl7KKAKndKYUL8WqNT+cQHKRZnT4RYYms48jQkFw3rrBL+/N5K/KtdEveHkxs982MX2BkDKub2ZMg==",
            "requires": {
                "@colors/colors": "1.5.0",
                "async": "3.2.3",
                "read": "1.0.x",
                "revalidator": "0.1.x",
                "winston": "2.x"
            }
        },
        "prompt-sync": {
            "version": "4.2.0",
            "resolved": "https://registry.npmjs.org/prompt-sync/-/prompt-sync-4.2.0.tgz",
            "integrity": "sha512-BuEzzc5zptP5LsgV5MZETjDaKSWfchl5U9Luiu8SKp7iZWD5tZalOxvNcZRwv+d2phNFr8xlbxmFNcRKfJOzJw==",
            "requires": {
                "strip-ansi": "^5.0.0"
            }
        },
        "read": {
            "version": "1.0.7",
            "resolved": "https://registry.npmjs.org/read/-/read-1.0.7.tgz",
            "integrity": "sha512-rSOKNYUmaxy0om1BNjMN4ezNT6VKK+2xF4GBhc81mkH7L60i6dp8qPYrkndNLT3QPphoII3maL9PVC9XmhHwVQ==",
            "requires": {
                "mute-stream": "~0.0.4"
            }
        },
        "revalidator": {
            "version": "0.1.8",
            "resolved": "https://registry.npmjs.org/revalidator/-/revalidator-0.1.8.tgz",
            "integrity": "sha512-xcBILK2pA9oh4SiinPEZfhP8HfrB/ha+a2fTMyl7Om2WjlDVrOQy99N2MXXlUHqGJz4qEu2duXxHJjDWuK/0xg=="
        },
        "stack-trace": {
            "version": "0.0.10",
            "resolved": "https://registry.npmjs.org/stack-trace/-/stack-trace-0.0.10.tgz",
            "integrity": "sha512-KGzahc7puUKkzyMt+IqAep+TVNbKP+k2Lmwhub39m1AsTSkaDutx56aDCo+HLDzf/D26BIHTJWNiTG1KAJiQCg=="
        },
        "strip-ansi": {
            "version": "5.2.0",
            "resolved": "https://registry.npmjs.org/strip-ansi/-/strip-ansi-5.2.0.tgz",
            "integrity": "sha512-DuRs1gKbBqsMKIZlrffwlug8MHkcnpjs5VPmL1PAh+mA30U0DTotfDZ0d2UUsXpPmPmMMJ6W773MaA3J+lbiWA==",
            "requires": {
                "ansi-regex": "^4.1.0"
            }
        },
        "winston": {
            "version": "2.4.7",
            "resolved": "https://registry.npmjs.org/winston/-/winston-2.4.7.tgz",
            "integrity": "sha512-vLB4BqzCKDnnZH9PHGoS2ycawueX4HLqENXQitvFHczhgW2vFpSOn31LZtVr1KU8YTw7DS4tM+cqyovxo8taVg==",
            "requires": {
                "async": "^2.6.4",
                "colors": "1.0.x",
                "cycle": "1.0.x",
                "eyes": "0.1.x",
                "isstream": "0.1.x",
                "stack-trace": "0.0.x"
            },
            "dependencies": {
                "async": {
                    "version": "2.6.4",
                    "resolved": "https://registry.npmjs.org/async/-/async-2.6.4.tgz",
                    "integrity": "sha512-mzo5dfJYwAn29PeiJ0zvwTo04zj8HDJj0Mn8TD7sno7q12prdbnasKJHhkm2c1LgrhlJ0teaea8860oxi51mGA==",
                    "requires": {
                        "lodash": "^4.17.14"
                    }
                }
            }
        },
        "ws": {
            "version": "8.2.3",
            "resolved": "https://registry.npmjs.org/ws/-/ws-8.2.3.tgz",
            "integrity": "sha512-wBuoj1BDpC6ZQ1B7DWQBYVLphPWkm8i9Y0/3YdHjHKHiohOJ1ws+3OccDWtH+PoC9DZD5WOTrJvNbWvjS6JWaA==",
            "requires": {}
        }
    }
}
